{
  "version": "5",
  "specifiers": {
    "npm:hono@^4.11.10": "4.11.10"
  },
  "npm": {
    "hono@4.11.10": {
      "integrity": "sha512-kyWP5PAiMooEvGrA9jcD3IXF7ATu8+o7B3KCbPXid5se52NPqnOpM/r9qeW2heMnOekF4kqR1fXJqCYeCLKrZg=="
    }
  },
  "workspace": {
    "packageJson": {
      "dependencies": [
        "npm:hono@^4.11.10"
      ]
    }
  }
}
